{
  "version": 1,
  "dependencies": {
    "net9.0": {
      "Microsoft.Extensions.Logging.Abstractions": {
        "type": "Direct",
        "requested": "[9.0.0, )",
        "resolved": "9.0.0",
        "contentHash": "g0UfujELzlLbHoVG8kPKVBaW470Ewi+jnptGS9KUi6jcb+k2StujtK3m26DFSGGwQ/+bVgZfsWqNzlP6YOejvw==",
        "dependencies": {
          "Microsoft.Extensions.DependencyInjection.Abstractions": "9.0.0"
        }
      },
      "TypeLitePlus": {
        "type": "Direct",
        "requested": "[2.1.0, )",
        "resolved": "2.1.0",
        "contentHash": "BGi26rCsK5XJhMtviNdUVkqlIl7plhdVRqVMFPhI3k9dIlVtQ3SQJx1u1jNBe+MITMQJ/QQYirWncAh+PpDegA==",
        "dependencies": {
          "TypeLitePlus.Core": "2.1.0",
          "TypeLitePlus.T4": "2.1.0"
        }
      },
      "Microsoft.Extensions.DependencyInjection.Abstractions": {
        "type": "Transitive",
        "resolved": "9.0.0",
        "contentHash": "+6f2qv2a3dLwd5w6JanPIPs47CxRbnk+ZocMJUhv9NxP88VlOcJYZs9jY+MYSjxvady08bUZn6qgiNh7DadGgg=="
      },
      "TypeLitePlus.Core": {
        "type": "Transitive",
        "resolved": "2.1.0",
        "contentHash": "0Rn1WR3ezj88UNYO1X0OhFFuZHafbMj4eax7mPvP/PxVuWXelX3INMRZr/2P3nY/KpOTklEFn8oMFz13U8Bahw=="
      },
      "TypeLitePlus.T4": {
        "type": "Transitive",
        "resolved": "2.1.0",
        "contentHash": "LhoKU1La4sSj9Aq9PD1jTY169jWEqxq7Cqm39oYMBWwt45cUD3bgOK6EnPbs4Pwxc7WZazSHcufWqu2DwLMEhQ==",
        "dependencies": {
          "TypeLitePlus.Core": "2.1.0"
        }
      }
    }
  }
}